
Microsoft Visual Studio Solution File, Format Version 12.00
# Visual Studio Version 17
VisualStudioVersion = 17.9.34728.123
MinimumVisualStudioVersion = 10.0.40219.1
Project("{FAE04EC0-301F-11D3-BF4B-00C04F79EFBC}") = "OpenTkUnit", "OpenTkUnit.csproj", "{24771637-CE8B-4A39-9B22-7973A009E411}"
EndProject
Global
	GlobalSection(SolutionConfigurationPlatforms) = preSolution
		Debug|Any CPU = Debug|Any CPU
		Release|Any CPU = Release|Any CPU
	EndGlobalSection
	GlobalSection(ProjectConfigurationPlatforms) = postSolution
		{24771637-CE8B-4A39-9B22-7973A009E411}.Debug|Any CPU.ActiveCfg = Debug|Any CPU
		{24771637-CE8B-4A39-9B22-7973A009E411}.Debug|Any CPU.Build.0 = Debug|Any CPU
		{24771637-CE8B-4A39-9B22-7973A009E411}.Release|Any CPU.ActiveCfg = Release|Any CPU
		{24771637-CE8B-4A39-9B22-7973A009E411}.Release|Any CPU.Build.0 = Release|Any CPU
	EndGlobalSection
	GlobalSection(SolutionProperties) = preSolution
		HideSolutionNode = FALSE
	EndGlobalSection
	GlobalSection(ExtensibilityGlobals) = postSolution
		SolutionGuid = {FFF1513D-3A41-4F5D-9C2E-E77486637E75}
	EndGlobalSection
EndGlobal
